
Microsoft Visual Studio Solution File, Format Version 12.00
# Visual Studio Version 17
VisualStudioVersion = 17.8.34511.84
MinimumVisualStudioVersion = 10.0.40219.1
Project("{FAE04EC0-301F-11D3-BF4B-00C04F79EFBC}") = "First Project", "First Project\First Project.csproj", "{EC3481D5-3E22-48BD-9D55-9F30283792F8}"
EndProject
Global
	GlobalSection(SolutionConfigurationPlatforms) = preSolution
		Debug|Any CPU = Debug|Any CPU
		Release|Any CPU = Release|Any CPU
	EndGlobalSection
	GlobalSection(ProjectConfigurationPlatforms) = postSolution
		{EC3481D5-3E22-48BD-9D55-9F30283792F8}.Debug|Any CPU.ActiveCfg = Debug|Any CPU
		{EC3481D5-3E22-48BD-9D55-9F30283792F8}.Debug|Any CPU.Build.0 = Debug|Any CPU
		{EC3481D5-3E22-48BD-9D55-9F30283792F8}.Release|Any CPU.ActiveCfg = Release|Any CPU
		{EC3481D5-3E22-48BD-9D55-9F30283792F8}.Release|Any CPU.Build.0 = Release|Any CPU
	EndGlobalSection
	GlobalSection(SolutionProperties) = preSolution
		HideSolutionNode = FALSE
	EndGlobalSection
	GlobalSection(ExtensibilityGlobals) = postSolution
		SolutionGuid = {2550E24B-C5A1-4674-9185-5255E5427E92}
	EndGlobalSection
EndGlobal
