
Microsoft Visual Studio Solution File, Format Version 12.00
# Visual Studio Version 17
VisualStudioVersion = 17.8.34511.84
MinimumVisualStudioVersion = 10.0.40219.1
Project("{FAE04EC0-301F-11D3-BF4B-00C04F79EFBC}") = "Connect To PostgreSQL", "Connect To PostgreSQL\Connect To PostgreSQL.csproj", "{217DA5AB-91B2-4AA5-ABFA-70A041B67209}"
EndProject
Global
	GlobalSection(SolutionConfigurationPlatforms) = preSolution
		Debug|Any CPU = Debug|Any CPU
		Release|Any CPU = Release|Any CPU
	EndGlobalSection
	GlobalSection(ProjectConfigurationPlatforms) = postSolution
		{217DA5AB-91B2-4AA5-ABFA-70A041B67209}.Debug|Any CPU.ActiveCfg = Debug|Any CPU
		{217DA5AB-91B2-4AA5-ABFA-70A041B67209}.Debug|Any CPU.Build.0 = Debug|Any CPU
		{217DA5AB-91B2-4AA5-ABFA-70A041B67209}.Release|Any CPU.ActiveCfg = Release|Any CPU
		{217DA5AB-91B2-4AA5-ABFA-70A041B67209}.Release|Any CPU.Build.0 = Release|Any CPU
	EndGlobalSection
	GlobalSection(SolutionProperties) = preSolution
		HideSolutionNode = FALSE
	EndGlobalSection
	GlobalSection(ExtensibilityGlobals) = postSolution
		SolutionGuid = {33D2C7C7-2F45-41FB-A41E-320992B96C12}
	EndGlobalSection
EndGlobal
